
Microsoft Visual Studio Solution File, Format Version 12.00
# Visual Studio Version 16
VisualStudioVersion = 16.0.29318.209
MinimumVisualStudioVersion = 10.0.40219.1
Project("{FAE04EC0-301F-11D3-BF4B-00C04F79EFBC}") = "assignment2", "assignment2\assignment2.csproj", "{2E3910EF-6EEA-4F4C-975E-9FB45D50BEC7}"
EndProject
Global
	GlobalSection(SolutionConfigurationPlatforms) = preSolution
		Debug|Any CPU = Debug|Any CPU
		Release|Any CPU = Release|Any CPU
	EndGlobalSection
	GlobalSection(ProjectConfigurationPlatforms) = postSolution
		{2E3910EF-6EEA-4F4C-975E-9FB45D50BEC7}.Debug|Any CPU.ActiveCfg = Debug|Any CPU
		{2E3910EF-6EEA-4F4C-975E-9FB45D50BEC7}.Debug|Any CPU.Build.0 = Debug|Any CPU
		{2E3910EF-6EEA-4F4C-975E-9FB45D50BEC7}.Release|Any CPU.ActiveCfg = Release|Any CPU
		{2E3910EF-6EEA-4F4C-975E-9FB45D50BEC7}.Release|Any CPU.Build.0 = Release|Any CPU
	EndGlobalSection
	GlobalSection(SolutionProperties) = preSolution
		HideSolutionNode = FALSE
	EndGlobalSection
	GlobalSection(ExtensibilityGlobals) = postSolution
		SolutionGuid = {5E8FBEDF-9CD3-4F6E-8D46-66985DFAA541}
	EndGlobalSection
EndGlobal
